// !$*UTF8*$!
{
	archiveVersion = 1;
	classes = {
	};
	objectVersion = 46;
	objects = {

/* Begin PBXBuildFile section */
		304EC4DF1EE4D165007296DD /* Date+weekDay.swift in Sources */ = {isa = PBXBuildFile; fileRef = 304EC4DE1EE4D165007296DD /* Date+weekDay.swift */; };
		304EC4E31EE5646B007296DD /* ModelParser.swift in Sources */ = {isa = PBXBuildFile; fileRef = 304EC4E21EE5646B007296DD /* ModelParser.swift */; };
		304EC4E81EE57F0B007296DD /* ForecastPresenter.swift in Sources */ = {isa = PBXBuildFile; fileRef = 304EC4E71EE57F0B007296DD /* ForecastPresenter.swift */; };
		304EC4EA1EE57F40007296DD /* ForecastInteractor.swift in Sources */ = {isa = PBXBuildFile; fileRef = 304EC4E91EE57F40007296DD /* ForecastInteractor.swift */; };
		304EC4EC1EE5808D007296DD /* CityForecastViewModel.swift in Sources */ = {isa = PBXBuildFile; fileRef = 304EC4EB1EE5808D007296DD /* CityForecastViewModel.swift */; };
		304EC4EE1EE5813B007296DD /* DayForecastViewModel.swift in Sources */ = {isa = PBXBuildFile; fileRef = 304EC4ED1EE5813B007296DD /* DayForecastViewModel.swift */; };
		30D96EEA1EE47EED00AE5003 /* AppDelegate.swift in Sources */ = {isa = PBXBuildFile; fileRef = 30D96EE91EE47EED00AE5003 /* AppDelegate.swift */; };
		30D96EEC1EE47EED00AE5003 /* ViewController.swift in Sources */ = {isa = PBXBuildFile; fileRef = 30D96EEB1EE47EED00AE5003 /* ViewController.swift */; };
		30D96EEF1EE47EED00AE5003 /* Main.storyboard in Resources */ = {isa = PBXBuildFile; fileRef = 30D96EED1EE47EED00AE5003 /* Main.storyboard */; };
		30D96EF11EE47EED00AE5003 /* Assets.xcassets in Resources */ = {isa = PBXBuildFile; fileRef = 30D96EF01EE47EED00AE5003 /* Assets.xcassets */; };
		30D96EF41EE47EED00AE5003 /* LaunchScreen.storyboard in Resources */ = {isa = PBXBuildFile; fileRef = 30D96EF21EE47EED00AE5003 /* LaunchScreen.storyboard */; };
		30D96EFF1EE47EED00AE5003 /* WeatherLloydsTestTests.swift in Sources */ = {isa = PBXBuildFile; fileRef = 30D96EFE1EE47EED00AE5003 /* WeatherLloydsTestTests.swift */; };
		30D96F151EE49D6600AE5003 /* WeatherService.swift in Sources */ = {isa = PBXBuildFile; fileRef = 30D96F141EE49D6600AE5003 /* WeatherService.swift */; };
		30D96F171EE49D7700AE5003 /* NetworkManager.swift in Sources */ = {isa = PBXBuildFile; fileRef = 30D96F161EE49D7700AE5003 /* NetworkManager.swift */; };
		30D96F191EE49DAE00AE5003 /* NetworkResponse.swift in Sources */ = {isa = PBXBuildFile; fileRef = 30D96F181EE49DAE00AE5003 /* NetworkResponse.swift */; };
		30D96F1B1EE49DCE00AE5003 /* NetworkError.swift in Sources */ = {isa = PBXBuildFile; fileRef = 30D96F1A1EE49DCE00AE5003 /* NetworkError.swift */; };
		30D96F1E1EE49E1200AE5003 /* CityForecast.swift in Sources */ = {isa = PBXBuildFile; fileRef = 30D96F1D1EE49E1200AE5003 /* CityForecast.swift */; };
		30D96F201EE49E2F00AE5003 /* DayForecast.swift in Sources */ = {isa = PBXBuildFile; fileRef = 30D96F1F1EE49E2F00AE5003 /* DayForecast.swift */; };
		30D96F251EE4BFA900AE5003 /* DayForecastView.xib in Resources */ = {isa = PBXBuildFile; fileRef = 30D96F241EE4BFA900AE5003 /* DayForecastView.xib */; };
		30D96F271EE4C10000AE5003 /* DayForecastView.swift in Sources */ = {isa = PBXBuildFile; fileRef = 30D96F261EE4C10000AE5003 /* DayForecastView.swift */; };
/* End PBXBuildFile section */

/* Begin PBXContainerItemProxy section */
		30D96EFB1EE47EED00AE5003 /* PBXContainerItemProxy */ = {
			isa = PBXContainerItemProxy;
			containerPortal = 30D96EDE1EE47EED00AE5003 /* Project object */;
			proxyType = 1;
			remoteGlobalIDString = 30D96EE51EE47EED00AE5003;
			remoteInfo = WeatherLloydsTest;
		};
/* End PBXContainerItemProxy section */

/* Begin PBXFileReference section */
		304EC4DE1EE4D165007296DD /* Date+weekDay.swift */ = {isa = PBXFileReference; fileEncoding = 4; lastKnownFileType = sourcecode.swift; path = "Date+weekDay.swift"; sourceTree = "<group>"; };
		304EC4E21EE5646B007296DD /* ModelParser.swift */ = {isa = PBXFileReference; fileEncoding = 4; lastKnownFileType = sourcecode.swift; path = ModelParser.swift; sourceTree = "<group>"; };
		304EC4E71EE57F0B007296DD /* ForecastPresenter.swift */ = {isa = PBXFileReference; fileEncoding = 4; lastKnownFileType = sourcecode.swift; path = ForecastPresenter.swift; sourceTree = "<group>"; };
		304EC4E91EE57F40007296DD /* ForecastInteractor.swift */ = {isa = PBXFileReference; fileEncoding = 4; lastKnownFileType = sourcecode.swift; path = ForecastInteractor.swift; sourceTree = "<group>"; };
		304EC4EB1EE5808D007296DD /* CityForecastViewModel.swift */ = {isa = PBXFileReference; fileEncoding = 4; lastKnownFileType = sourcecode.swift; path = CityForecastViewModel.swift; sourceTree = "<group>"; };
		304EC4ED1EE5813B007296DD /* DayForecastViewModel.swift */ = {isa = PBXFileReference; fileEncoding = 4; lastKnownFileType = sourcecode.swift; path = DayForecastViewModel.swift; sourceTree = "<group>"; };
		30D96EE61EE47EED00AE5003 /* WeatherLloydsTest.app */ = {isa = PBXFileReference; explicitFileType = wrapper.application; includeInIndex = 0; path = WeatherLloydsTest.app; sourceTree = BUILT_PRODUCTS_DIR; };
		30D96EE91EE47EED00AE5003 /* AppDelegate.swift */ = {isa = PBXFileReference; lastKnownFileType = sourcecode.swift; path = AppDelegate.swift; sourceTree = "<group>"; };
		30D96EEB1EE47EED00AE5003 /* ViewController.swift */ = {isa = PBXFileReference; lastKnownFileType = sourcecode.swift; path = ViewController.swift; sourceTree = "<group>"; };
		30D96EEE1EE47EED00AE5003 /* Base */ = {isa = PBXFileReference; lastKnownFileType = file.storyboard; name = Base; path = Base.lproj/Main.storyboard; sourceTree = "<group>"; };
		30D96EF01EE47EED00AE5003 /* Assets.xcassets */ = {isa = PBXFileReference; lastKnownFileType = folder.assetcatalog; path = Assets.xcassets; sourceTree = "<group>"; };
		30D96EF31EE47EED00AE5003 /* Base */ = {isa = PBXFileReference; lastKnownFileType = file.storyboard; name = Base; path = Base.lproj/LaunchScreen.storyboard; sourceTree = "<group>"; };
		30D96EF51EE47EED00AE5003 /* Info.plist */ = {isa = PBXFileReference; lastKnownFileType = text.plist.xml; path = Info.plist; sourceTree = "<group>"; };
		30D96EFA1EE47EED00AE5003 /* WeatherLloydsTestTests.xctest */ = {isa = PBXFileReference; explicitFileType = wrapper.cfbundle; includeInIndex = 0; path = WeatherLloydsTestTests.xctest; sourceTree = BUILT_PRODUCTS_DIR; };
		30D96EFE1EE47EED00AE5003 /* WeatherLloydsTestTests.swift */ = {isa = PBXFileReference; lastKnownFileType = sourcecode.swift; path = WeatherLloydsTestTests.swift; sourceTree = "<group>"; };
		30D96F001EE47EED00AE5003 /* Info.plist */ = {isa = PBXFileReference; lastKnownFileType = text.plist.xml; path = Info.plist; sourceTree = "<group>"; };
		30D96F141EE49D6600AE5003 /* WeatherService.swift */ = {isa = PBXFileReference; fileEncoding = 4; lastKnownFileType = sourcecode.swift; path = WeatherService.swift; sourceTree = "<group>"; };
		30D96F161EE49D7700AE5003 /* NetworkManager.swift */ = {isa = PBXFileReference; fileEncoding = 4; lastKnownFileType = sourcecode.swift; path = NetworkManager.swift; sourceTree = "<group>"; };
		30D96F181EE49DAE00AE5003 /* NetworkResponse.swift */ = {isa = PBXFileReference; fileEncoding = 4; lastKnownFileType = sourcecode.swift; path = NetworkResponse.swift; sourceTree = "<group>"; };
		30D96F1A1EE49DCE00AE5003 /* NetworkError.swift */ = {isa = PBXFileReference; fileEncoding = 4; lastKnownFileType = sourcecode.swift; path = NetworkError.swift; sourceTree = "<group>"; };
		30D96F1D1EE49E1200AE5003 /* CityForecast.swift */ = {isa = PBXFileReference; fileEncoding = 4; lastKnownFileType = sourcecode.swift; path = CityForecast.swift; sourceTree = "<group>"; };
		30D96F1F1EE49E2F00AE5003 /* DayForecast.swift */ = {isa = PBXFileReference; fileEncoding = 4; lastKnownFileType = sourcecode.swift; path = DayForecast.swift; sourceTree = "<group>"; };
		30D96F241EE4BFA900AE5003 /* DayForecastView.xib */ = {isa = PBXFileReference; fileEncoding = 4; lastKnownFileType = file.xib; path = DayForecastView.xib; sourceTree = "<group>"; };
		30D96F261EE4C10000AE5003 /* DayForecastView.swift */ = {isa = PBXFileReference; fileEncoding = 4; lastKnownFileType = sourcecode.swift; path = DayForecastView.swift; sourceTree = "<group>"; };
/* End PBXFileReference section */

/* Begin PBXFrameworksBuildPhase section */
		30D96EE31EE47EED00AE5003 /* Frameworks */ = {
			isa = PBXFrameworksBuildPhase;
			buildActionMask = 2147483647;
			files = (
			);
			runOnlyForDeploymentPostprocessing = 0;
		};
		30D96EF71EE47EED00AE5003 /* Frameworks */ = {
			isa = PBXFrameworksBuildPhase;
			buildActionMask = 2147483647;
			files = (
			);
			runOnlyForDeploymentPostprocessing = 0;
		};
/* End PBXFrameworksBuildPhase section */

/* Begin PBXGroup section */
		304EC4DD1EE4D13B007296DD /* Extensions */ = {
			isa = PBXGroup;
			children = (
				304EC4DE1EE4D165007296DD /* Date+weekDay.swift */,
			);
			path = Extensions;
			sourceTree = "<group>";
		};
		30D96EDD1EE47EED00AE5003 = {
			isa = PBXGroup;
			children = (
				30D96EE81EE47EED00AE5003 /* WeatherLloydsTest */,
				30D96EFD1EE47EED00AE5003 /* WeatherLloydsTestTests */,
				30D96EE71EE47EED00AE5003 /* Products */,
			);
			sourceTree = "<group>";
		};
		30D96EE71EE47EED00AE5003 /* Products */ = {
			isa = PBXGroup;
			children = (
				30D96EE61EE47EED00AE5003 /* WeatherLloydsTest.app */,
				30D96EFA1EE47EED00AE5003 /* WeatherLloydsTestTests.xctest */,
			);
			name = Products;
			sourceTree = "<group>";
		};
		30D96EE81EE47EED00AE5003 /* WeatherLloydsTest */ = {
			isa = PBXGroup;
			children = (
				304EC4DD1EE4D13B007296DD /* Extensions */,
				30D96F231EE4BF7000AE5003 /* Views */,
				30D96F1C1EE49DE500AE5003 /* Models */,
				30D96F0F1EE49CB100AE5003 /* Networking */,
				30D96EE91EE47EED00AE5003 /* AppDelegate.swift */,
				30D96EEB1EE47EED00AE5003 /* ViewController.swift */,
				304EC4E71EE57F0B007296DD /* ForecastPresenter.swift */,
				304EC4E91EE57F40007296DD /* ForecastInteractor.swift */,
				30D96EED1EE47EED00AE5003 /* Main.storyboard */,
				30D96EF01EE47EED00AE5003 /* Assets.xcassets */,
				30D96EF51EE47EED00AE5003 /* Info.plist */,
				30D96EF21EE47EED00AE5003 /* LaunchScreen.storyboard */,
			);
			path = WeatherLloydsTest;
			sourceTree = "<group>";
		};
		30D96EFD1EE47EED00AE5003 /* WeatherLloydsTestTests */ = {
			isa = PBXGroup;
			children = (
				30D96EFE1EE47EED00AE5003 /* WeatherLloydsTestTests.swift */,
				30D96F001EE47EED00AE5003 /* Info.plist */,
			);
			path = WeatherLloydsTestTests;
			sourceTree = "<group>";
		};
		30D96F0F1EE49CB100AE5003 /* Networking */ = {
			isa = PBXGroup;
			children = (
				30D96F141EE49D6600AE5003 /* WeatherService.swift */,
				30D96F161EE49D7700AE5003 /* NetworkManager.swift */,
				30D96F181EE49DAE00AE5003 /* NetworkResponse.swift */,
				30D96F1A1EE49DCE00AE5003 /* NetworkError.swift */,
			);
			path = Networking;
			sourceTree = "<group>";
		};
		30D96F1C1EE49DE500AE5003 /* Models */ = {
			isa = PBXGroup;
			children = (
				30D96F1D1EE49E1200AE5003 /* CityForecast.swift */,
				304EC4EB1EE5808D007296DD /* CityForecastViewModel.swift */,
				30D96F1F1EE49E2F00AE5003 /* DayForecast.swift */,
				304EC4ED1EE5813B007296DD /* DayForecastViewModel.swift */,
				304EC4E21EE5646B007296DD /* ModelParser.swift */,
			);
			path = Models;
			sourceTree = "<group>";
		};
		30D96F231EE4BF7000AE5003 /* Views */ = {
			isa = PBXGroup;
			children = (
				30D96F241EE4BFA900AE5003 /* DayForecastView.xib */,
				30D96F261EE4C10000AE5003 /* DayForecastView.swift */,
			);
			path = Views;
			sourceTree = "<group>";
		};
/* End PBXGroup section */

/* Begin PBXNativeTarget section */
		30D96EE51EE47EED00AE5003 /* WeatherLloydsTest */ = {
			isa = PBXNativeTarget;
			buildConfigurationList = 30D96F031EE47EED00AE5003 /* Build configuration list for PBXNativeTarget "WeatherLloydsTest" */;
			buildPhases = (
				30D96EE21EE47EED00AE5003 /* Sources */,
				30D96EE31EE47EED00AE5003 /* Frameworks */,
				30D96EE41EE47EED00AE5003 /* Resources */,
			);
			buildRules = (
			);
			dependencies = (
			);
			name = WeatherLloydsTest;
			productName = WeatherLloydsTest;
			productReference = 30D96EE61EE47EED00AE5003 /* WeatherLloydsTest.app */;
			productType = "com.apple.product-type.application";
		};
		30D96EF91EE47EED00AE5003 /* WeatherLloydsTestTests */ = {
			isa = PBXNativeTarget;
			buildConfigurationList = 30D96F061EE47EED00AE5003 /* Build configuration list for PBXNativeTarget "WeatherLloydsTestTests" */;
			buildPhases = (
				30D96EF61EE47EED00AE5003 /* Sources */,
				30D96EF71EE47EED00AE5003 /* Frameworks */,
				30D96EF81EE47EED00AE5003 /* Resources */,
			);
			buildRules = (
			);
			dependencies = (
				30D96EFC1EE47EED00AE5003 /* PBXTargetDependency */,
			);
			name = WeatherLloydsTestTests;
			productName = WeatherLloydsTestTests;
			productReference = 30D96EFA1EE47EED00AE5003 /* WeatherLloydsTestTests.xctest */;
			productType = "com.apple.product-type.bundle.unit-test";
		};
/* End PBXNativeTarget section */

/* Begin PBXProject section */
		30D96EDE1EE47EED00AE5003 /* Project object */ = {
			isa = PBXProject;
			attributes = {
				LastSwiftUpdateCheck = 0830;
				LastUpgradeCheck = 0830;
				ORGANIZATIONNAME = "Divide by Zero";
				TargetAttributes = {
					30D96EE51EE47EED00AE5003 = {
						CreatedOnToolsVersion = 8.3.2;
						ProvisioningStyle = Automatic;
					};
					30D96EF91EE47EED00AE5003 = {
						CreatedOnToolsVersion = 8.3.2;
						ProvisioningStyle = Automatic;
						TestTargetID = 30D96EE51EE47EED00AE5003;
					};
				};
			};
			buildConfigurationList = 30D96EE11EE47EED00AE5003 /* Build configuration list for PBXProject "WeatherLloydsTest" */;
			compatibilityVersion = "Xcode 3.2";
			developmentRegion = English;
			hasScannedForEncodings = 0;
			knownRegions = (
				en,
				Base,
			);
			mainGroup = 30D96EDD1EE47EED00AE5003;
			productRefGroup = 30D96EE71EE47EED00AE5003 /* Products */;
			projectDirPath = "";
			projectRoot = "";
			targets = (
				30D96EE51EE47EED00AE5003 /* WeatherLloydsTest */,
				30D96EF91EE47EED00AE5003 /* WeatherLloydsTestTests */,
			);
		};
/* End PBXProject section */

/* Begin PBXResourcesBuildPhase section */
		30D96EE41EE47EED00AE5003 /* Resources */ = {
			isa = PBXResourcesBuildPhase;
			buildActionMask = 2147483647;
			files = (
				30D96F251EE4BFA900AE5003 /* DayForecastView.xib in Resources */,
				30D96EF41EE47EED00AE5003 /* LaunchScreen.storyboard in Resources */,
				30D96EF11EE47EED00AE5003 /* Assets.xcassets in Resources */,
				30D96EEF1EE47EED00AE5003 /* Main.storyboard in Resources */,
			);
			runOnlyForDeploymentPostprocessing = 0;
		};
		30D96EF81EE47EED00AE5003 /* Resources */ = {
			isa = PBXResourcesBuildPhase;
			buildActionMask = 2147483647;
			files = (
			);
			runOnlyForDeploymentPostprocessing = 0;
		};
/* End PBXResourcesBuildPhase section */

/* Begin PBXSourcesBuildPhase section */
		30D96EE21EE47EED00AE5003 /* Sources */ = {
			isa = PBXSourcesBuildPhase;
			buildActionMask = 2147483647;
			files = (
				30D96F171EE49D7700AE5003 /* NetworkManager.swift in Sources */,
				30D96F201EE49E2F00AE5003 /* DayForecast.swift in Sources */,
				304EC4DF1EE4D165007296DD /* Date+weekDay.swift in Sources */,
				30D96F191EE49DAE00AE5003 /* NetworkResponse.swift in Sources */,
				30D96F1E1EE49E1200AE5003 /* CityForecast.swift in Sources */,
				304EC4E31EE5646B007296DD /* ModelParser.swift in Sources */,
				304EC4EE1EE5813B007296DD /* DayForecastViewModel.swift in Sources */,
				304EC4EC1EE5808D007296DD /* CityForecastViewModel.swift in Sources */,
				304EC4E81EE57F0B007296DD /* ForecastPresenter.swift in Sources */,
				30D96EEC1EE47EED00AE5003 /* ViewController.swift in Sources */,
				30D96F271EE4C10000AE5003 /* DayForecastView.swift in Sources */,
				30D96F1B1EE49DCE00AE5003 /* NetworkError.swift in Sources */,
				30D96F151EE49D6600AE5003 /* WeatherService.swift in Sources */,
				30D96EEA1EE47EED00AE5003 /* AppDelegate.swift in Sources */,
				304EC4EA1EE57F40007296DD /* ForecastInteractor.swift in Sources */,
			);
			runOnlyForDeploymentPostprocessing = 0;
		};
		30D96EF61EE47EED00AE5003 /* Sources */ = {
			isa = PBXSourcesBuildPhase;
			buildActionMask = 2147483647;
			files = (
				30D96EFF1EE47EED00AE5003 /* WeatherLloydsTestTests.swift in Sources */,
			);
			runOnlyForDeploymentPostprocessing = 0;
		};
/* End PBXSourcesBuildPhase section */

/* Begin PBXTargetDependency section */
		30D96EFC1EE47EED00AE5003 /* PBXTargetDependency */ = {
			isa = PBXTargetDependency;
			target = 30D96EE51EE47EED00AE5003 /* WeatherLloydsTest */;
			targetProxy = 30D96EFB1EE47EED00AE5003 /* PBXContainerItemProxy */;
		};
/* End PBXTargetDependency section */

/* Begin PBXVariantGroup section */
		30D96EED1EE47EED00AE5003 /* Main.storyboard */ = {
			isa = PBXVariantGroup;
			children = (
				30D96EEE1EE47EED00AE5003 /* Base */,
			);
			name = Main.storyboard;
			sourceTree = "<group>";
		};
		30D96EF21EE47EED00AE5003 /* LaunchScreen.storyboard */ = {
			isa = PBXVariantGroup;
			children = (
				30D96EF31EE47EED00AE5003 /* Base */,
			);
			name = LaunchScreen.storyboard;
			sourceTree = "<group>";
		};
/* End PBXVariantGroup section */

/* Begin XCBuildConfiguration section */
		30D96F011EE47EED00AE5003 /* Debug */ = {
			isa = XCBuildConfiguration;
			buildSettings = {
				ALWAYS_SEARCH_USER_PATHS = NO;
				CLANG_ANALYZER_NONNULL = YES;
				CLANG_ANALYZER_NUMBER_OBJECT_CONVERSION = YES_AGGRESSIVE;
				CLANG_CXX_LANGUAGE_STANDARD = "gnu++0x";
				CLANG_CXX_LIBRARY = "libc++";
				CLANG_ENABLE_MODULES = YES;
				CLANG_ENABLE_OBJC_ARC = YES;
				CLANG_WARN_BOOL_CONVERSION = YES;
				CLANG_WARN_CONSTANT_CONVERSION = YES;
				CLANG_WARN_DIRECT_OBJC_ISA_USAGE = YES_ERROR;
				CLANG_WARN_DOCUMENTATION_COMMENTS = YES;
				CLANG_WARN_EMPTY_BODY = YES;
				CLANG_WARN_ENUM_CONVERSION = YES;
				CLANG_WARN_INFINITE_RECURSION = YES;
				CLANG_WARN_INT_CONVERSION = YES;
				CLANG_WARN_OBJC_ROOT_CLASS = YES_ERROR;
				CLANG_WARN_SUSPICIOUS_MOVE = YES;
				CLANG_WARN_UNREACHABLE_CODE = YES;
				CLANG_WARN__DUPLICATE_METHOD_MATCH = YES;
				"CODE_SIGN_IDENTITY[sdk=iphoneos*]" = "iPhone Developer";
				COPY_PHASE_STRIP = NO;
				DEBUG_INFORMATION_FORMAT = dwarf;
				ENABLE_STRICT_OBJC_MSGSEND = YES;
				ENABLE_TESTABILITY = YES;
				GCC_C_LANGUAGE_STANDARD = gnu99;
				GCC_DYNAMIC_NO_PIC = NO;
				GCC_NO_COMMON_BLOCKS = YES;
				GCC_OPTIMIZATION_LEVEL = 0;
				GCC_PREPROCESSOR_DEFINITIONS = (
					"DEBUG=1",
					"$(inherited)",
				);
				GCC_WARN_64_TO_32_BIT_CONVERSION = YES;
				GCC_WARN_ABOUT_RETURN_TYPE = YES_ERROR;
				GCC_WARN_UNDECLARED_SELECTOR = YES;
				GCC_WARN_UNINITIALIZED_AUTOS = YES_AGGRESSIVE;
				GCC_WARN_UNUSED_FUNCTION = YES;
				GCC_WARN_UNUSED_VARIABLE = YES;
				IPHONEOS_DEPLOYMENT_TARGET = 10.3;
				MTL_ENABLE_DEBUG_INFO = YES;
				ONLY_ACTIVE_ARCH = YES;
				SDKROOT = iphoneos;
				SWIFT_ACTIVE_COMPILATION_CONDITIONS = DEBUG;
				SWIFT_OPTIMIZATION_LEVEL = "-Onone";
				TARGETED_DEVICE_FAMILY = "1,2";
			};
			name = Debug;
		};
		30D96F021EE47EED00AE5003 /* Release */ = {
			isa = XCBuildConfiguration;
			buildSettings = {
				ALWAYS_SEARCH_USER_PATHS = NO;
				CLANG_ANALYZER_NONNULL = YES;
				CLANG_ANALYZER_NUMBER_OBJECT_CONVERSION = YES_AGGRESSIVE;
				CLANG_CXX_LANGUAGE_STANDARD = "gnu++0x";
				CLANG_CXX_LIBRARY = "libc++";
				CLANG_ENABLE_MODULES = YES;
				CLANG_ENABLE_OBJC_ARC = YES;
				CLANG_WARN_BOOL_CONVERSION = YES;
				CLANG_WARN_CONSTANT_CONVERSION = YES;
				CLANG_WARN_DIRECT_OBJC_ISA_USAGE = YES_ERROR;
				CLANG_WARN_DOCUMENTATION_COMMENTS = YES;
				CLANG_WARN_EMPTY_BODY = YES;
				CLANG_WARN_ENUM_CONVERSION = YES;
				CLANG_WARN_INFINITE_RECURSION = YES;
				CLANG_WARN_INT_CONVERSION = YES;
				CLANG_WARN_OBJC_ROOT_CLASS = YES_ERROR;
				CLANG_WARN_SUSPICIOUS_MOVE = YES;
				CLANG_WARN_UNREACHABLE_CODE = YES;
				CLANG_WARN__DUPLICATE_METHOD_MATCH = YES;
				"CODE_SIGN_IDENTITY[sdk=iphoneos*]" = "iPhone Developer";
				COPY_PHASE_STRIP = NO;
				DEBUG_INFORMATION_FORMAT = "dwarf-with-dsym";
				ENABLE_NS_ASSERTIONS = NO;
				ENABLE_STRICT_OBJC_MSGSEND = YES;
				GCC_C_LANGUAGE_STANDARD = gnu99;
				GCC_NO_COMMON_BLOCKS = YES;
				GCC_WARN_64_TO_32_BIT_CONVERSION = YES;
				GCC_WARN_ABOUT_RETURN_TYPE = YES_ERROR;
				GCC_WARN_UNDECLARED_SELECTOR = YES;
				GCC_WARN_UNINITIALIZED_AUTOS = YES_AGGRESSIVE;
				GCC_WARN_UNUSED_FUNCTION = YES;
				GCC_WARN_UNUSED_VARIABLE = YES;
				IPHONEOS_DEPLOYMENT_TARGET = 10.3;
				MTL_ENABLE_DEBUG_INFO = NO;
				SDKROOT = iphoneos;
				SWIFT_OPTIMIZATION_LEVEL = "-Owholemodule";
				TARGETED_DEVICE_FAMILY = "1,2";
				VALIDATE_PRODUCT = YES;
			};
			name = Release;
		};
		30D96F041EE47EED00AE5003 /* Debug */ = {
			isa = XCBuildConfiguration;
			buildSettings = {
				ASSETCATALOG_COMPILER_APPICON_NAME = AppIcon;
				INFOPLIST_FILE = WeatherLloydsTest/Info.plist;
				LD_RUNPATH_SEARCH_PATHS = "$(inherited) @executable_path/Frameworks";
				PRODUCT_BUNDLE_IDENTIFIER = DBZ.WeatherLloydsTest;
				PRODUCT_NAME = "$(TARGET_NAME)";
				SWIFT_VERSION = 3.0;
			};
			name = Debug;
		};
		30D96F051EE47EED00AE5003 /* Release */ = {
			isa = XCBuildConfiguration;
			buildSettings = {
				ASSETCATALOG_COMPILER_APPICON_NAME = AppIcon;
				INFOPLIST_FILE = WeatherLloydsTest/Info.plist;
				LD_RUNPATH_SEARCH_PATHS = "$(inherited) @executable_path/Frameworks";
				PRODUCT_BUNDLE_IDENTIFIER = DBZ.WeatherLloydsTest;
				PRODUCT_NAME = "$(TARGET_NAME)";
				SWIFT_VERSION = 3.0;
			};
			name = Release;
		};
		30D96F071EE47EED00AE5003 /* Debug */ = {
			isa = XCBuildConfiguration;
			buildSettings = {
				ALWAYS_EMBED_SWIFT_STANDARD_LIBRARIES = YES;
				BUNDLE_LOADER = "$(TEST_HOST)";
				INFOPLIST_FILE = WeatherLloydsTestTests/Info.plist;
				LD_RUNPATH_SEARCH_PATHS = "$(inherited) @executable_path/Frameworks @loader_path/Frameworks";
				PRODUCT_BUNDLE_IDENTIFIER = DBZ.WeatherLloydsTestTests;
				PRODUCT_NAME = "$(TARGET_NAME)";
				SWIFT_VERSION = 3.0;
				TEST_HOST = "$(BUILT_PRODUCTS_DIR)/WeatherLloydsTest.app/WeatherLloydsTest";
			};
			name = Debug;
		};
		30D96F081EE47EED00AE5003 /* Release */ = {
			isa = XCBuildConfiguration;
			buildSettings = {
				ALWAYS_EMBED_SWIFT_STANDARD_LIBRARIES = YES;
				BUNDLE_LOADER = "$(TEST_HOST)";
				INFOPLIST_FILE = WeatherLloydsTestTests/Info.plist;
				LD_RUNPATH_SEARCH_PATHS = "$(inherited) @executable_path/Frameworks @loader_path/Frameworks";
				PRODUCT_BUNDLE_IDENTIFIER = DBZ.WeatherLloydsTestTests;
				PRODUCT_NAME = "$(TARGET_NAME)";
				SWIFT_VERSION = 3.0;
				TEST_HOST = "$(BUILT_PRODUCTS_DIR)/WeatherLloydsTest.app/WeatherLloydsTest";
			};
			name = Release;
		};
/* End XCBuildConfiguration section */

/* Begin XCConfigurationList section */
		30D96EE11EE47EED00AE5003 /* Build configuration list for PBXProject "WeatherLloydsTest" */ = {
			isa = XCConfigurationList;
			buildConfigurations = (
				30D96F011EE47EED00AE5003 /* Debug */,
				30D96F021EE47EED00AE5003 /* Release */,
			);
			defaultConfigurationIsVisible = 0;
			defaultConfigurationName = Release;
		};
		30D96F031EE47EED00AE5003 /* Build configuration list for PBXNativeTarget "WeatherLloydsTest" */ = {
			isa = XCConfigurationList;
			buildConfigurations = (
				30D96F041EE47EED00AE5003 /* Debug */,
				30D96F051EE47EED00AE5003 /* Release */,
			);
			defaultConfigurationIsVisible = 0;
			defaultConfigurationName = Release;
		};
		30D96F061EE47EED00AE5003 /* Build configuration list for PBXNativeTarget "WeatherLloydsTestTests" */ = {
			isa = XCConfigurationList;
			buildConfigurations = (
				30D96F071EE47EED00AE5003 /* Debug */,
				30D96F081EE47EED00AE5003 /* Release */,
			);
			defaultConfigurationIsVisible = 0;
			defaultConfigurationName = Release;
		};
/* End XCConfigurationList section */
	};
	rootObject = 30D96EDE1EE47EED00AE5003 /* Project object */;
}
